
Microsoft Visual Studio Solution File, Format Version 12.00
# Visual Studio Version 16
VisualStudioVersion = 16.0.29728.190
MinimumVisualStudioVersion = 10.0.40219.1
Project("{FAE04EC0-301F-11D3-BF4B-00C04F79EFBC}") = "HomeWork3.2", "HomeWork3.2\HomeWork3.2.csproj", "{05D5F080-9E62-46CC-ABFD-838D9A2D1CDA}"
EndProject
Global
	GlobalSection(SolutionConfigurationPlatforms) = preSolution
		Debug|Any CPU = Debug|Any CPU
		Release|Any CPU = Release|Any CPU
	EndGlobalSection
	GlobalSection(ProjectConfigurationPlatforms) = postSolution
		{05D5F080-9E62-46CC-ABFD-838D9A2D1CDA}.Debug|Any CPU.ActiveCfg = Debug|Any CPU
		{05D5F080-9E62-46CC-ABFD-838D9A2D1CDA}.Debug|Any CPU.Build.0 = Debug|Any CPU
		{05D5F080-9E62-46CC-ABFD-838D9A2D1CDA}.Release|Any CPU.ActiveCfg = Release|Any CPU
		{05D5F080-9E62-46CC-ABFD-838D9A2D1CDA}.Release|Any CPU.Build.0 = Release|Any CPU
	EndGlobalSection
	GlobalSection(SolutionProperties) = preSolution
		HideSolutionNode = FALSE
	EndGlobalSection
	GlobalSection(ExtensibilityGlobals) = postSolution
		SolutionGuid = {C03D22CE-9DD2-47D7-A60D-F92A38BE80B3}
	EndGlobalSection
EndGlobal
